
Microsoft Visual Studio Solution File, Format Version 12.00
# Visual Studio 14
VisualStudioVersion = 14.0.23107.0
MinimumVisualStudioVersion = 10.0.40219.1
Project("{FAE04EC0-301F-11D3-BF4B-00C04F79EFBC}") = "MrBotAddIn", "MrBotAddIn\MrBotAddIn.csproj", "{B3FB4EA8-1E72-4C8C-B7AB-98CD81E2B58F}"
EndProject
Project("{54435603-DBB4-11D2-8724-00A0C9A8B90C}") = "OfficeAddInSetup", "OfficeAddInSetup\OfficeAddInSetup.vdproj", "{966527C1-6060-4C8E-B46D-A81A63318E73}"
EndProject
Global
	GlobalSection(SolutionConfigurationPlatforms) = preSolution
		All|Any CPU = All|Any CPU
		Debug|Any CPU = Debug|Any CPU
		Release|Any CPU = Release|Any CPU
	EndGlobalSection
	GlobalSection(ProjectConfigurationPlatforms) = postSolution
		{B3FB4EA8-1E72-4C8C-B7AB-98CD81E2B58F}.All|Any CPU.ActiveCfg = Release|Any CPU
		{B3FB4EA8-1E72-4C8C-B7AB-98CD81E2B58F}.All|Any CPU.Build.0 = Release|Any CPU
		{B3FB4EA8-1E72-4C8C-B7AB-98CD81E2B58F}.Debug|Any CPU.ActiveCfg = Debug|Any CPU
		{B3FB4EA8-1E72-4C8C-B7AB-98CD81E2B58F}.Debug|Any CPU.Build.0 = Debug|Any CPU
		{B3FB4EA8-1E72-4C8C-B7AB-98CD81E2B58F}.Release|Any CPU.ActiveCfg = Release|Any CPU
		{B3FB4EA8-1E72-4C8C-B7AB-98CD81E2B58F}.Release|Any CPU.Build.0 = Release|Any CPU
		{966527C1-6060-4C8E-B46D-A81A63318E73}.All|Any CPU.ActiveCfg = Release
		{966527C1-6060-4C8E-B46D-A81A63318E73}.All|Any CPU.Build.0 = Release
		{966527C1-6060-4C8E-B46D-A81A63318E73}.Debug|Any CPU.ActiveCfg = Debug
		{966527C1-6060-4C8E-B46D-A81A63318E73}.Debug|Any CPU.Build.0 = Debug
		{966527C1-6060-4C8E-B46D-A81A63318E73}.Release|Any CPU.ActiveCfg = Release
		{966527C1-6060-4C8E-B46D-A81A63318E73}.Release|Any CPU.Build.0 = Release
	EndGlobalSection
	GlobalSection(SolutionProperties) = preSolution
		HideSolutionNode = FALSE
	EndGlobalSection
EndGlobal
